
Microsoft Visual Studio Solution File, Format Version 12.00
# Visual Studio 15
VisualStudioVersion = 15.0.27004.2010
MinimumVisualStudioVersion = 10.0.40219.1
Project("{8BC9CEB8-8B4A-11D0-8D11-00A0C91BC942}") = "contaParole", "contaParole.vcxproj", "{269C3853-0CDD-4E9C-8221-84BC32D2B912}"
EndProject
Global
	GlobalSection(SolutionConfigurationPlatforms) = preSolution
		Debug|x64 = Debug|x64
		Debug|x86 = Debug|x86
		Release|x64 = Release|x64
		Release|x86 = Release|x86
	EndGlobalSection
	GlobalSection(ProjectConfigurationPlatforms) = postSolution
		{269C3853-0CDD-4E9C-8221-84BC32D2B912}.Debug|x64.ActiveCfg = Debug|x64
		{269C3853-0CDD-4E9C-8221-84BC32D2B912}.Debug|x64.Build.0 = Debug|x64
		{269C3853-0CDD-4E9C-8221-84BC32D2B912}.Debug|x86.ActiveCfg = Debug|Win32
		{269C3853-0CDD-4E9C-8221-84BC32D2B912}.Debug|x86.Build.0 = Debug|Win32
		{269C3853-0CDD-4E9C-8221-84BC32D2B912}.Release|x64.ActiveCfg = Release|x64
		{269C3853-0CDD-4E9C-8221-84BC32D2B912}.Release|x64.Build.0 = Release|x64
		{269C3853-0CDD-4E9C-8221-84BC32D2B912}.Release|x86.ActiveCfg = Release|Win32
		{269C3853-0CDD-4E9C-8221-84BC32D2B912}.Release|x86.Build.0 = Release|Win32
	EndGlobalSection
	GlobalSection(SolutionProperties) = preSolution
		HideSolutionNode = FALSE
	EndGlobalSection
	GlobalSection(ExtensibilityGlobals) = postSolution
		SolutionGuid = {F17E3281-729E-4FD8-BB42-6A4BE91CB0F6}
	EndGlobalSection
EndGlobal
