
Microsoft Visual Studio Solution File, Format Version 12.00
# Visual Studio 15
VisualStudioVersion = 15.0.27004.2010
MinimumVisualStudioVersion = 10.0.40219.1
Project("{8BC9CEB8-8B4A-11D0-8D11-00A0C91BC942}") = "fattoriale", "fattoriale.vcxproj", "{07D223B3-1909-4B73-811E-F9C0A57E0B4A}"
EndProject
Global
	GlobalSection(SolutionConfigurationPlatforms) = preSolution
		Debug|x64 = Debug|x64
		Debug|x86 = Debug|x86
		Release|x64 = Release|x64
		Release|x86 = Release|x86
	EndGlobalSection
	GlobalSection(ProjectConfigurationPlatforms) = postSolution
		{07D223B3-1909-4B73-811E-F9C0A57E0B4A}.Debug|x64.ActiveCfg = Debug|x64
		{07D223B3-1909-4B73-811E-F9C0A57E0B4A}.Debug|x64.Build.0 = Debug|x64
		{07D223B3-1909-4B73-811E-F9C0A57E0B4A}.Debug|x86.ActiveCfg = Debug|Win32
		{07D223B3-1909-4B73-811E-F9C0A57E0B4A}.Debug|x86.Build.0 = Debug|Win32
		{07D223B3-1909-4B73-811E-F9C0A57E0B4A}.Release|x64.ActiveCfg = Release|x64
		{07D223B3-1909-4B73-811E-F9C0A57E0B4A}.Release|x64.Build.0 = Release|x64
		{07D223B3-1909-4B73-811E-F9C0A57E0B4A}.Release|x86.ActiveCfg = Release|Win32
		{07D223B3-1909-4B73-811E-F9C0A57E0B4A}.Release|x86.Build.0 = Release|Win32
	EndGlobalSection
	GlobalSection(SolutionProperties) = preSolution
		HideSolutionNode = FALSE
	EndGlobalSection
	GlobalSection(ExtensibilityGlobals) = postSolution
		SolutionGuid = {5B92665D-70A9-40ED-8EFC-AC72F9F2EE0B}
	EndGlobalSection
EndGlobal
