
Microsoft Visual Studio Solution File, Format Version 12.00
# Visual Studio 15
VisualStudioVersion = 15.0.27004.2010
MinimumVisualStudioVersion = 10.0.40219.1
Project("{8BC9CEB8-8B4A-11D0-8D11-00A0C91BC942}") = "mediaVect", "mediaVect.vcxproj", "{2FFE5F64-4F8E-44A6-9771-E84227CF6995}"
EndProject
Global
	GlobalSection(SolutionConfigurationPlatforms) = preSolution
		Debug|x64 = Debug|x64
		Debug|x86 = Debug|x86
		Release|x64 = Release|x64
		Release|x86 = Release|x86
	EndGlobalSection
	GlobalSection(ProjectConfigurationPlatforms) = postSolution
		{2FFE5F64-4F8E-44A6-9771-E84227CF6995}.Debug|x64.ActiveCfg = Debug|x64
		{2FFE5F64-4F8E-44A6-9771-E84227CF6995}.Debug|x64.Build.0 = Debug|x64
		{2FFE5F64-4F8E-44A6-9771-E84227CF6995}.Debug|x86.ActiveCfg = Debug|Win32
		{2FFE5F64-4F8E-44A6-9771-E84227CF6995}.Debug|x86.Build.0 = Debug|Win32
		{2FFE5F64-4F8E-44A6-9771-E84227CF6995}.Release|x64.ActiveCfg = Release|x64
		{2FFE5F64-4F8E-44A6-9771-E84227CF6995}.Release|x64.Build.0 = Release|x64
		{2FFE5F64-4F8E-44A6-9771-E84227CF6995}.Release|x86.ActiveCfg = Release|Win32
		{2FFE5F64-4F8E-44A6-9771-E84227CF6995}.Release|x86.Build.0 = Release|Win32
	EndGlobalSection
	GlobalSection(SolutionProperties) = preSolution
		HideSolutionNode = FALSE
	EndGlobalSection
	GlobalSection(ExtensibilityGlobals) = postSolution
		SolutionGuid = {438F9C71-7728-4E93-80B9-20F3EF2E2055}
	EndGlobalSection
EndGlobal
